// !$*UTF8*$!
{
	archiveVersion = 1;
	classes = {
	};
	objectVersion = 46;
	objects = {

/* Begin PBXBuildFile section */
		6B1F31201CFE70D40072EA6B /* AppDelegate.swift in Sources */ = {isa = PBXBuildFile; fileRef = 6B1F311F1CFE70D40072EA6B /* AppDelegate.swift */; };
		6B1F31221CFE70D40072EA6B /* PsychologistViewController.swift in Sources */ = {isa = PBXBuildFile; fileRef = 6B1F31211CFE70D40072EA6B /* PsychologistViewController.swift */; };
		6B1F31251CFE70D40072EA6B /* Main.storyboard in Resources */ = {isa = PBXBuildFile; fileRef = 6B1F31231CFE70D40072EA6B /* Main.storyboard */; };
		6B1F31271CFE70D40072EA6B /* Assets.xcassets in Resources */ = {isa = PBXBuildFile; fileRef = 6B1F31261CFE70D40072EA6B /* Assets.xcassets */; };
		6B1F312A1CFE70D40072EA6B /* LaunchScreen.storyboard in Resources */ = {isa = PBXBuildFile; fileRef = 6B1F31281CFE70D40072EA6B /* LaunchScreen.storyboard */; };
		6B1F31331CFE71510072EA6B /* FaceView.swift in Sources */ = {isa = PBXBuildFile; fileRef = 6B1F31311CFE71510072EA6B /* FaceView.swift */; };
		6B1F31341CFE71510072EA6B /* HappinessViewController.swift in Sources */ = {isa = PBXBuildFile; fileRef = 6B1F31321CFE71510072EA6B /* HappinessViewController.swift */; };
/* End PBXBuildFile section */

/* Begin PBXFileReference section */
		6B1F311C1CFE70D40072EA6B /* Psychologist.app */ = {isa = PBXFileReference; explicitFileType = wrapper.application; includeInIndex = 0; path = Psychologist.app; sourceTree = BUILT_PRODUCTS_DIR; };
		6B1F311F1CFE70D40072EA6B /* AppDelegate.swift */ = {isa = PBXFileReference; lastKnownFileType = sourcecode.swift; path = AppDelegate.swift; sourceTree = "<group>"; };
		6B1F31211CFE70D40072EA6B /* PsychologistViewController.swift */ = {isa = PBXFileReference; lastKnownFileType = sourcecode.swift; path = PsychologistViewController.swift; sourceTree = "<group>"; };
		6B1F31241CFE70D40072EA6B /* Base */ = {isa = PBXFileReference; lastKnownFileType = file.storyboard; name = Base; path = Base.lproj/Main.storyboard; sourceTree = "<group>"; };
		6B1F31261CFE70D40072EA6B /* Assets.xcassets */ = {isa = PBXFileReference; lastKnownFileType = folder.assetcatalog; path = Assets.xcassets; sourceTree = "<group>"; };
		6B1F31291CFE70D40072EA6B /* Base */ = {isa = PBXFileReference; lastKnownFileType = file.storyboard; name = Base; path = Base.lproj/LaunchScreen.storyboard; sourceTree = "<group>"; };
		6B1F312B1CFE70D40072EA6B /* Info.plist */ = {isa = PBXFileReference; lastKnownFileType = text.plist.xml; path = Info.plist; sourceTree = "<group>"; };
		6B1F31311CFE71510072EA6B /* FaceView.swift */ = {isa = PBXFileReference; fileEncoding = 4; lastKnownFileType = sourcecode.swift; path = FaceView.swift; sourceTree = "<group>"; };
		6B1F31321CFE71510072EA6B /* HappinessViewController.swift */ = {isa = PBXFileReference; fileEncoding = 4; lastKnownFileType = sourcecode.swift; path = HappinessViewController.swift; sourceTree = "<group>"; };
/* End PBXFileReference section */

/* Begin PBXFrameworksBuildPhase section */
		6B1F31191CFE70D40072EA6B /* Frameworks */ = {
			isa = PBXFrameworksBuildPhase;
			buildActionMask = 2147483647;
			files = (
			);
			runOnlyForDeploymentPostprocessing = 0;
		};
/* End PBXFrameworksBuildPhase section */

/* Begin PBXGroup section */
		6B1F31131CFE70D40072EA6B = {
			isa = PBXGroup;
			children = (
				6B1F311E1CFE70D40072EA6B /* Psychologist */,
				6B1F311D1CFE70D40072EA6B /* Products */,
			);
			sourceTree = "<group>";
		};
		6B1F311D1CFE70D40072EA6B /* Products */ = {
			isa = PBXGroup;
			children = (
				6B1F311C1CFE70D40072EA6B /* Psychologist.app */,
			);
			name = Products;
			sourceTree = "<group>";
		};
		6B1F311E1CFE70D40072EA6B /* Psychologist */ = {
			isa = PBXGroup;
			children = (
				6B1F311F1CFE70D40072EA6B /* AppDelegate.swift */,
				6B1F31211CFE70D40072EA6B /* PsychologistViewController.swift */,
				6B1F31311CFE71510072EA6B /* FaceView.swift */,
				6B1F31321CFE71510072EA6B /* HappinessViewController.swift */,
				6B1F31231CFE70D40072EA6B /* Main.storyboard */,
				6B1F31261CFE70D40072EA6B /* Assets.xcassets */,
				6B1F31281CFE70D40072EA6B /* LaunchScreen.storyboard */,
				6B1F312B1CFE70D40072EA6B /* Info.plist */,
			);
			path = Psychologist;
			sourceTree = "<group>";
		};
/* End PBXGroup section */

/* Begin PBXNativeTarget section */
		6B1F311B1CFE70D40072EA6B /* Psychologist */ = {
			isa = PBXNativeTarget;
			buildConfigurationList = 6B1F312E1CFE70D40072EA6B /* Build configuration list for PBXNativeTarget "Psychologist" */;
			buildPhases = (
				6B1F31181CFE70D40072EA6B /* Sources */,
				6B1F31191CFE70D40072EA6B /* Frameworks */,
				6B1F311A1CFE70D40072EA6B /* Resources */,
			);
			buildRules = (
			);
			dependencies = (
			);
			name = Psychologist;
			productName = Psychologist;
			productReference = 6B1F311C1CFE70D40072EA6B /* Psychologist.app */;
			productType = "com.apple.product-type.application";
		};
/* End PBXNativeTarget section */

/* Begin PBXProject section */
		6B1F31141CFE70D40072EA6B /* Project object */ = {
			isa = PBXProject;
			attributes = {
				LastSwiftUpdateCheck = 0730;
				LastUpgradeCheck = 0730;
				ORGANIZATIONNAME = "Justine Kay";
				TargetAttributes = {
					6B1F311B1CFE70D40072EA6B = {
						CreatedOnToolsVersion = 7.3.1;
					};
				};
			};
			buildConfigurationList = 6B1F31171CFE70D40072EA6B /* Build configuration list for PBXProject "Psychologist" */;
			compatibilityVersion = "Xcode 3.2";
			developmentRegion = English;
			hasScannedForEncodings = 0;
			knownRegions = (
				en,
				Base,
			);
			mainGroup = 6B1F31131CFE70D40072EA6B;
			productRefGroup = 6B1F311D1CFE70D40072EA6B /* Products */;
			projectDirPath = "";
			projectRoot = "";
			targets = (
				6B1F311B1CFE70D40072EA6B /* Psychologist */,
			);
		};
/* End PBXProject section */

/* Begin PBXResourcesBuildPhase section */
		6B1F311A1CFE70D40072EA6B /* Resources */ = {
			isa = PBXResourcesBuildPhase;
			buildActionMask = 2147483647;
			files = (
				6B1F312A1CFE70D40072EA6B /* LaunchScreen.storyboard in Resources */,
				6B1F31271CFE70D40072EA6B /* Assets.xcassets in Resources */,
				6B1F31251CFE70D40072EA6B /* Main.storyboard in Resources */,
			);
			runOnlyForDeploymentPostprocessing = 0;
		};
/* End PBXResourcesBuildPhase section */

/* Begin PBXSourcesBuildPhase section */
		6B1F31181CFE70D40072EA6B /* Sources */ = {
			isa = PBXSourcesBuildPhase;
			buildActionMask = 2147483647;
			files = (
				6B1F31221CFE70D40072EA6B /* PsychologistViewController.swift in Sources */,
				6B1F31201CFE70D40072EA6B /* AppDelegate.swift in Sources */,
				6B1F31341CFE71510072EA6B /* HappinessViewController.swift in Sources */,
				6B1F31331CFE71510072EA6B /* FaceView.swift in Sources */,
			);
			runOnlyForDeploymentPostprocessing = 0;
		};
/* End PBXSourcesBuildPhase section */

/* Begin PBXVariantGroup section */
		6B1F31231CFE70D40072EA6B /* Main.storyboard */ = {
			isa = PBXVariantGroup;
			children = (
				6B1F31241CFE70D40072EA6B /* Base */,
			);
			name = Main.storyboard;
			sourceTree = "<group>";
		};
		6B1F31281CFE70D40072EA6B /* LaunchScreen.storyboard */ = {
			isa = PBXVariantGroup;
			children = (
				6B1F31291CFE70D40072EA6B /* Base */,
			);
			name = LaunchScreen.storyboard;
			sourceTree = "<group>";
		};
/* End PBXVariantGroup section */

/* Begin XCBuildConfiguration section */
		6B1F312C1CFE70D40072EA6B /* Debug */ = {
			isa = XCBuildConfiguration;
			buildSettings = {
				ALWAYS_SEARCH_USER_PATHS = NO;
				CLANG_ANALYZER_NONNULL = YES;
				CLANG_CXX_LANGUAGE_STANDARD = "gnu++0x";
				CLANG_CXX_LIBRARY = "libc++";
				CLANG_ENABLE_MODULES = YES;
				CLANG_ENABLE_OBJC_ARC = YES;
				CLANG_WARN_BOOL_CONVERSION = YES;
				CLANG_WARN_CONSTANT_CONVERSION = YES;
				CLANG_WARN_DIRECT_OBJC_ISA_USAGE = YES_ERROR;
				CLANG_WARN_EMPTY_BODY = YES;
				CLANG_WARN_ENUM_CONVERSION = YES;
				CLANG_WARN_INT_CONVERSION = YES;
				CLANG_WARN_OBJC_ROOT_CLASS = YES_ERROR;
				CLANG_WARN_UNREACHABLE_CODE = YES;
				CLANG_WARN__DUPLICATE_METHOD_MATCH = YES;
				"CODE_SIGN_IDENTITY[sdk=iphoneos*]" = "iPhone Developer";
				COPY_PHASE_STRIP = NO;
				DEBUG_INFORMATION_FORMAT = dwarf;
				ENABLE_STRICT_OBJC_MSGSEND = YES;
				ENABLE_TESTABILITY = YES;
				GCC_C_LANGUAGE_STANDARD = gnu99;
				GCC_DYNAMIC_NO_PIC = NO;
				GCC_NO_COMMON_BLOCKS = YES;
				GCC_OPTIMIZATION_LEVEL = 0;
				GCC_PREPROCESSOR_DEFINITIONS = (
					"DEBUG=1",
					"$(inherited)",
				);
				GCC_WARN_64_TO_32_BIT_CONVERSION = YES;
				GCC_WARN_ABOUT_RETURN_TYPE = YES_ERROR;
				GCC_WARN_UNDECLARED_SELECTOR = YES;
				GCC_WARN_UNINITIALIZED_AUTOS = YES_AGGRESSIVE;
				GCC_WARN_UNUSED_FUNCTION = YES;
				GCC_WARN_UNUSED_VARIABLE = YES;
				IPHONEOS_DEPLOYMENT_TARGET = 9.3;
				MTL_ENABLE_DEBUG_INFO = YES;
				ONLY_ACTIVE_ARCH = YES;
				SDKROOT = iphoneos;
				SWIFT_OPTIMIZATION_LEVEL = "-Onone";
				TARGETED_DEVICE_FAMILY = "1,2";
			};
			name = Debug;
		};
		6B1F312D1CFE70D40072EA6B /* Release */ = {
			isa = XCBuildConfiguration;
			buildSettings = {
				ALWAYS_SEARCH_USER_PATHS = NO;
				CLANG_ANALYZER_NONNULL = YES;
				CLANG_CXX_LANGUAGE_STANDARD = "gnu++0x";
				CLANG_CXX_LIBRARY = "libc++";
				CLANG_ENABLE_MODULES = YES;
				CLANG_ENABLE_OBJC_ARC = YES;
				CLANG_WARN_BOOL_CONVERSION = YES;
				CLANG_WARN_CONSTANT_CONVERSION = YES;
				CLANG_WARN_DIRECT_OBJC_ISA_USAGE = YES_ERROR;
				CLANG_WARN_EMPTY_BODY = YES;
				CLANG_WARN_ENUM_CONVERSION = YES;
				CLANG_WARN_INT_CONVERSION = YES;
				CLANG_WARN_OBJC_ROOT_CLASS = YES_ERROR;
				CLANG_WARN_UNREACHABLE_CODE = YES;
				CLANG_WARN__DUPLICATE_METHOD_MATCH = YES;
				"CODE_SIGN_IDENTITY[sdk=iphoneos*]" = "iPhone Developer";
				COPY_PHASE_STRIP = NO;
				DEBUG_INFORMATION_FORMAT = "dwarf-with-dsym";
				ENABLE_NS_ASSERTIONS = NO;
				ENABLE_STRICT_OBJC_MSGSEND = YES;
				GCC_C_LANGUAGE_STANDARD = gnu99;
				GCC_NO_COMMON_BLOCKS = YES;
				GCC_WARN_64_TO_32_BIT_CONVERSION = YES;
				GCC_WARN_ABOUT_RETURN_TYPE = YES_ERROR;
				GCC_WARN_UNDECLARED_SELECTOR = YES;
				GCC_WARN_UNINITIALIZED_AUTOS = YES_AGGRESSIVE;
				GCC_WARN_UNUSED_FUNCTION = YES;
				GCC_WARN_UNUSED_VARIABLE = YES;
				IPHONEOS_DEPLOYMENT_TARGET = 9.3;
				MTL_ENABLE_DEBUG_INFO = NO;
				SDKROOT = iphoneos;
				TARGETED_DEVICE_FAMILY = "1,2";
				VALIDATE_PRODUCT = YES;
			};
			name = Release;
		};
		6B1F312F1CFE70D40072EA6B /* Debug */ = {
			isa = XCBuildConfiguration;
			buildSettings = {
				ASSETCATALOG_COMPILER_APPICON_NAME = AppIcon;
				INFOPLIST_FILE = Psychologist/Info.plist;
				LD_RUNPATH_SEARCH_PATHS = "$(inherited) @executable_path/Frameworks";
				PRODUCT_BUNDLE_IDENTIFIER = nyc.justinekay.Psychologist;
				PRODUCT_NAME = "$(TARGET_NAME)";
			};
			name = Debug;
		};
		6B1F31301CFE70D40072EA6B /* Release */ = {
			isa = XCBuildConfiguration;
			buildSettings = {
				ASSETCATALOG_COMPILER_APPICON_NAME = AppIcon;
				INFOPLIST_FILE = Psychologist/Info.plist;
				LD_RUNPATH_SEARCH_PATHS = "$(inherited) @executable_path/Frameworks";
				PRODUCT_BUNDLE_IDENTIFIER = nyc.justinekay.Psychologist;
				PRODUCT_NAME = "$(TARGET_NAME)";
			};
			name = Release;
		};
/* End XCBuildConfiguration section */

/* Begin XCConfigurationList section */
		6B1F31171CFE70D40072EA6B /* Build configuration list for PBXProject "Psychologist" */ = {
			isa = XCConfigurationList;
			buildConfigurations = (
				6B1F312C1CFE70D40072EA6B /* Debug */,
				6B1F312D1CFE70D40072EA6B /* Release */,
			);
			defaultConfigurationIsVisible = 0;
			defaultConfigurationName = Release;
		};
		6B1F312E1CFE70D40072EA6B /* Build configuration list for PBXNativeTarget "Psychologist" */ = {
			isa = XCConfigurationList;
			buildConfigurations = (
				6B1F312F1CFE70D40072EA6B /* Debug */,
				6B1F31301CFE70D40072EA6B /* Release */,
			);
			defaultConfigurationIsVisible = 0;
		};
/* End XCConfigurationList section */
	};
	rootObject = 6B1F31141CFE70D40072EA6B /* Project object */;
}
